
Microsoft Visual Studio Solution File, Format Version 12.00
# Visual Studio 14
VisualStudioVersion = 14.0.25420.1
MinimumVisualStudioVersion = 10.0.40219.1
Project("{F184B08F-C81C-45F6-A57F-5ABD9991F28F}") = "QLHS_V1", "QLHS_V1\QLHS_V1.vbproj", "{CAC1E666-24B8-4652-91AF-857453599AAD}"
EndProject
Project("{F184B08F-C81C-45F6-A57F-5ABD9991F28F}") = "QLHS_V1DTO", "QLHS_V1DTO\QLHS_V1DTO.vbproj", "{4A354D6E-708C-4475-AB99-26BD3E3FA557}"
EndProject
Project("{F184B08F-C81C-45F6-A57F-5ABD9991F28F}") = "Utility", "Utility\Utility.vbproj", "{5BC2BDAB-233C-4562-A2FF-0C0467CCFD3D}"
EndProject
Project("{F184B08F-C81C-45F6-A57F-5ABD9991F28F}") = "QLHS_V1DAL", "QLHS_V1DAL\QLHS_V1DAL.vbproj", "{7B0CDFA0-8F1A-486F-A35B-B5B98230E16B}"
EndProject
Project("{F184B08F-C81C-45F6-A57F-5ABD9991F28F}") = "QLHS_V1BUS", "QLHS_V1BUS\QLHS_V1BUS.vbproj", "{3C77D4A2-8D42-4476-AFDF-4BB1BFF9DAD5}"
EndProject
Global
	GlobalSection(SolutionConfigurationPlatforms) = preSolution
		Debug|Any CPU = Debug|Any CPU
		Release|Any CPU = Release|Any CPU
	EndGlobalSection
	GlobalSection(ProjectConfigurationPlatforms) = postSolution
		{CAC1E666-24B8-4652-91AF-857453599AAD}.Debug|Any CPU.ActiveCfg = Debug|Any CPU
		{CAC1E666-24B8-4652-91AF-857453599AAD}.Debug|Any CPU.Build.0 = Debug|Any CPU
		{CAC1E666-24B8-4652-91AF-857453599AAD}.Release|Any CPU.ActiveCfg = Release|Any CPU
		{CAC1E666-24B8-4652-91AF-857453599AAD}.Release|Any CPU.Build.0 = Release|Any CPU
		{4A354D6E-708C-4475-AB99-26BD3E3FA557}.Debug|Any CPU.ActiveCfg = Debug|Any CPU
		{4A354D6E-708C-4475-AB99-26BD3E3FA557}.Debug|Any CPU.Build.0 = Debug|Any CPU
		{4A354D6E-708C-4475-AB99-26BD3E3FA557}.Release|Any CPU.ActiveCfg = Release|Any CPU
		{4A354D6E-708C-4475-AB99-26BD3E3FA557}.Release|Any CPU.Build.0 = Release|Any CPU
		{5BC2BDAB-233C-4562-A2FF-0C0467CCFD3D}.Debug|Any CPU.ActiveCfg = Debug|Any CPU
		{5BC2BDAB-233C-4562-A2FF-0C0467CCFD3D}.Debug|Any CPU.Build.0 = Debug|Any CPU
		{5BC2BDAB-233C-4562-A2FF-0C0467CCFD3D}.Release|Any CPU.ActiveCfg = Release|Any CPU
		{5BC2BDAB-233C-4562-A2FF-0C0467CCFD3D}.Release|Any CPU.Build.0 = Release|Any CPU
		{7B0CDFA0-8F1A-486F-A35B-B5B98230E16B}.Debug|Any CPU.ActiveCfg = Debug|Any CPU
		{7B0CDFA0-8F1A-486F-A35B-B5B98230E16B}.Debug|Any CPU.Build.0 = Debug|Any CPU
		{7B0CDFA0-8F1A-486F-A35B-B5B98230E16B}.Release|Any CPU.ActiveCfg = Release|Any CPU
		{7B0CDFA0-8F1A-486F-A35B-B5B98230E16B}.Release|Any CPU.Build.0 = Release|Any CPU
		{3C77D4A2-8D42-4476-AFDF-4BB1BFF9DAD5}.Debug|Any CPU.ActiveCfg = Debug|Any CPU
		{3C77D4A2-8D42-4476-AFDF-4BB1BFF9DAD5}.Debug|Any CPU.Build.0 = Debug|Any CPU
		{3C77D4A2-8D42-4476-AFDF-4BB1BFF9DAD5}.Release|Any CPU.ActiveCfg = Release|Any CPU
		{3C77D4A2-8D42-4476-AFDF-4BB1BFF9DAD5}.Release|Any CPU.Build.0 = Release|Any CPU
	EndGlobalSection
	GlobalSection(SolutionProperties) = preSolution
		HideSolutionNode = FALSE
	EndGlobalSection
EndGlobal
